// !$*UTF8*$!
{
	archiveVersion = 1;
	classes = {
	};
	objectVersion = 46;
	objects = {

/* Begin PBXBuildFile section */
		5D6E99021B68BB9000C6AE79 /* AppDelegate.swift in Sources */ = {isa = PBXBuildFile; fileRef = 5D6E99011B68BB9000C6AE79 /* AppDelegate.swift */; };
		5D6E99041B68BB9000C6AE79 /* ViewController.swift in Sources */ = {isa = PBXBuildFile; fileRef = 5D6E99031B68BB9000C6AE79 /* ViewController.swift */; };
		5D6E99071B68BB9000C6AE79 /* Main.storyboard in Resources */ = {isa = PBXBuildFile; fileRef = 5D6E99051B68BB9000C6AE79 /* Main.storyboard */; };
		5D6E99091B68BB9000C6AE79 /* Images.xcassets in Resources */ = {isa = PBXBuildFile; fileRef = 5D6E99081B68BB9000C6AE79 /* Images.xcassets */; };
		5D6E990C1B68BB9000C6AE79 /* LaunchScreen.xib in Resources */ = {isa = PBXBuildFile; fileRef = 5D6E990A1B68BB9000C6AE79 /* LaunchScreen.xib */; };
		5D6E99181B68BB9000C6AE79 /* PostcardTests.swift in Sources */ = {isa = PBXBuildFile; fileRef = 5D6E99171B68BB9000C6AE79 /* PostcardTests.swift */; };
/* End PBXBuildFile section */

/* Begin PBXContainerItemProxy section */
		5D6E99121B68BB9000C6AE79 /* PBXContainerItemProxy */ = {
			isa = PBXContainerItemProxy;
			containerPortal = 5D6E98F41B68BB9000C6AE79 /* Project object */;
			proxyType = 1;
			remoteGlobalIDString = 5D6E98FB1B68BB9000C6AE79;
			remoteInfo = Postcard;
		};
/* End PBXContainerItemProxy section */

/* Begin PBXFileReference section */
		5D6E98FC1B68BB9000C6AE79 /* Postcard.app */ = {isa = PBXFileReference; explicitFileType = wrapper.application; includeInIndex = 0; path = Postcard.app; sourceTree = BUILT_PRODUCTS_DIR; };
		5D6E99001B68BB9000C6AE79 /* Info.plist */ = {isa = PBXFileReference; lastKnownFileType = text.plist.xml; path = Info.plist; sourceTree = "<group>"; };
		5D6E99011B68BB9000C6AE79 /* AppDelegate.swift */ = {isa = PBXFileReference; lastKnownFileType = sourcecode.swift; path = AppDelegate.swift; sourceTree = "<group>"; };
		5D6E99031B68BB9000C6AE79 /* ViewController.swift */ = {isa = PBXFileReference; lastKnownFileType = sourcecode.swift; path = ViewController.swift; sourceTree = "<group>"; };
		5D6E99061B68BB9000C6AE79 /* Base */ = {isa = PBXFileReference; lastKnownFileType = file.storyboard; name = Base; path = Base.lproj/Main.storyboard; sourceTree = "<group>"; };
		5D6E99081B68BB9000C6AE79 /* Images.xcassets */ = {isa = PBXFileReference; lastKnownFileType = folder.assetcatalog; path = Images.xcassets; sourceTree = "<group>"; };
		5D6E990B1B68BB9000C6AE79 /* Base */ = {isa = PBXFileReference; lastKnownFileType = file.xib; name = Base; path = Base.lproj/LaunchScreen.xib; sourceTree = "<group>"; };
		5D6E99111B68BB9000C6AE79 /* PostcardTests.xctest */ = {isa = PBXFileReference; explicitFileType = wrapper.cfbundle; includeInIndex = 0; path = PostcardTests.xctest; sourceTree = BUILT_PRODUCTS_DIR; };
		5D6E99161B68BB9000C6AE79 /* Info.plist */ = {isa = PBXFileReference; lastKnownFileType = text.plist.xml; path = Info.plist; sourceTree = "<group>"; };
		5D6E99171B68BB9000C6AE79 /* PostcardTests.swift */ = {isa = PBXFileReference; lastKnownFileType = sourcecode.swift; path = PostcardTests.swift; sourceTree = "<group>"; };
/* End PBXFileReference section */

/* Begin PBXFrameworksBuildPhase section */
		5D6E98F91B68BB9000C6AE79 /* Frameworks */ = {
			isa = PBXFrameworksBuildPhase;
			buildActionMask = 2147483647;
			files = (
			);
			runOnlyForDeploymentPostprocessing = 0;
		};
		5D6E990E1B68BB9000C6AE79 /* Frameworks */ = {
			isa = PBXFrameworksBuildPhase;
			buildActionMask = 2147483647;
			files = (
			);
			runOnlyForDeploymentPostprocessing = 0;
		};
/* End PBXFrameworksBuildPhase section */

/* Begin PBXGroup section */
		5D6E98F31B68BB9000C6AE79 = {
			isa = PBXGroup;
			children = (
				5D6E98FE1B68BB9000C6AE79 /* Postcard */,
				5D6E99141B68BB9000C6AE79 /* PostcardTests */,
				5D6E98FD1B68BB9000C6AE79 /* Products */,
			);
			sourceTree = "<group>";
		};
		5D6E98FD1B68BB9000C6AE79 /* Products */ = {
			isa = PBXGroup;
			children = (
				5D6E98FC1B68BB9000C6AE79 /* Postcard.app */,
				5D6E99111B68BB9000C6AE79 /* PostcardTests.xctest */,
			);
			name = Products;
			sourceTree = "<group>";
		};
		5D6E98FE1B68BB9000C6AE79 /* Postcard */ = {
			isa = PBXGroup;
			children = (
				5D6E99011B68BB9000C6AE79 /* AppDelegate.swift */,
				5D6E99031B68BB9000C6AE79 /* ViewController.swift */,
				5D6E99051B68BB9000C6AE79 /* Main.storyboard */,
				5D6E99081B68BB9000C6AE79 /* Images.xcassets */,
				5D6E990A1B68BB9000C6AE79 /* LaunchScreen.xib */,
				5D6E98FF1B68BB9000C6AE79 /* Supporting Files */,
			);
			path = Postcard;
			sourceTree = "<group>";
		};
		5D6E98FF1B68BB9000C6AE79 /* Supporting Files */ = {
			isa = PBXGroup;
			children = (
				5D6E99001B68BB9000C6AE79 /* Info.plist */,
			);
			name = "Supporting Files";
			sourceTree = "<group>";
		};
		5D6E99141B68BB9000C6AE79 /* PostcardTests */ = {
			isa = PBXGroup;
			children = (
				5D6E99171B68BB9000C6AE79 /* PostcardTests.swift */,
				5D6E99151B68BB9000C6AE79 /* Supporting Files */,
			);
			path = PostcardTests;
			sourceTree = "<group>";
		};
		5D6E99151B68BB9000C6AE79 /* Supporting Files */ = {
			isa = PBXGroup;
			children = (
				5D6E99161B68BB9000C6AE79 /* Info.plist */,
			);
			name = "Supporting Files";
			sourceTree = "<group>";
		};
/* End PBXGroup section */

/* Begin PBXNativeTarget section */
		5D6E98FB1B68BB9000C6AE79 /* Postcard */ = {
			isa = PBXNativeTarget;
			buildConfigurationList = 5D6E991B1B68BB9000C6AE79 /* Build configuration list for PBXNativeTarget "Postcard" */;
			buildPhases = (
				5D6E98F81B68BB9000C6AE79 /* Sources */,
				5D6E98F91B68BB9000C6AE79 /* Frameworks */,
				5D6E98FA1B68BB9000C6AE79 /* Resources */,
			);
			buildRules = (
			);
			dependencies = (
			);
			name = Postcard;
			productName = Postcard;
			productReference = 5D6E98FC1B68BB9000C6AE79 /* Postcard.app */;
			productType = "com.apple.product-type.application";
		};
		5D6E99101B68BB9000C6AE79 /* PostcardTests */ = {
			isa = PBXNativeTarget;
			buildConfigurationList = 5D6E991E1B68BB9000C6AE79 /* Build configuration list for PBXNativeTarget "PostcardTests" */;
			buildPhases = (
				5D6E990D1B68BB9000C6AE79 /* Sources */,
				5D6E990E1B68BB9000C6AE79 /* Frameworks */,
				5D6E990F1B68BB9000C6AE79 /* Resources */,
			);
			buildRules = (
			);
			dependencies = (
				5D6E99131B68BB9000C6AE79 /* PBXTargetDependency */,
			);
			name = PostcardTests;
			productName = PostcardTests;
			productReference = 5D6E99111B68BB9000C6AE79 /* PostcardTests.xctest */;
			productType = "com.apple.product-type.bundle.unit-test";
		};
/* End PBXNativeTarget section */

/* Begin PBXProject section */
		5D6E98F41B68BB9000C6AE79 /* Project object */ = {
			isa = PBXProject;
			attributes = {
				LastUpgradeCheck = 0620;
				ORGANIZATIONNAME = "Joel Torrijos";
				TargetAttributes = {
					5D6E98FB1B68BB9000C6AE79 = {
						CreatedOnToolsVersion = 6.2;
					};
					5D6E99101B68BB9000C6AE79 = {
						CreatedOnToolsVersion = 6.2;
						TestTargetID = 5D6E98FB1B68BB9000C6AE79;
					};
				};
			};
			buildConfigurationList = 5D6E98F71B68BB9000C6AE79 /* Build configuration list for PBXProject "Postcard" */;
			compatibilityVersion = "Xcode 3.2";
			developmentRegion = English;
			hasScannedForEncodings = 0;
			knownRegions = (
				en,
				Base,
			);
			mainGroup = 5D6E98F31B68BB9000C6AE79;
			productRefGroup = 5D6E98FD1B68BB9000C6AE79 /* Products */;
			projectDirPath = "";
			projectRoot = "";
			targets = (
				5D6E98FB1B68BB9000C6AE79 /* Postcard */,
				5D6E99101B68BB9000C6AE79 /* PostcardTests */,
			);
		};
/* End PBXProject section */

/* Begin PBXResourcesBuildPhase section */
		5D6E98FA1B68BB9000C6AE79 /* Resources */ = {
			isa = PBXResourcesBuildPhase;
			buildActionMask = 2147483647;
			files = (
				5D6E99071B68BB9000C6AE79 /* Main.storyboard in Resources */,
				5D6E990C1B68BB9000C6AE79 /* LaunchScreen.xib in Resources */,
				5D6E99091B68BB9000C6AE79 /* Images.xcassets in Resources */,
			);
			runOnlyForDeploymentPostprocessing = 0;
		};
		5D6E990F1B68BB9000C6AE79 /* Resources */ = {
			isa = PBXResourcesBuildPhase;
			buildActionMask = 2147483647;
			files = (
			);
			runOnlyForDeploymentPostprocessing = 0;
		};
/* End PBXResourcesBuildPhase section */

/* Begin PBXSourcesBuildPhase section */
		5D6E98F81B68BB9000C6AE79 /* Sources */ = {
			isa = PBXSourcesBuildPhase;
			buildActionMask = 2147483647;
			files = (
				5D6E99041B68BB9000C6AE79 /* ViewController.swift in Sources */,
				5D6E99021B68BB9000C6AE79 /* AppDelegate.swift in Sources */,
			);
			runOnlyForDeploymentPostprocessing = 0;
		};
		5D6E990D1B68BB9000C6AE79 /* Sources */ = {
			isa = PBXSourcesBuildPhase;
			buildActionMask = 2147483647;
			files = (
				5D6E99181B68BB9000C6AE79 /* PostcardTests.swift in Sources */,
			);
			runOnlyForDeploymentPostprocessing = 0;
		};
/* End PBXSourcesBuildPhase section */

/* Begin PBXTargetDependency section */
		5D6E99131B68BB9000C6AE79 /* PBXTargetDependency */ = {
			isa = PBXTargetDependency;
			target = 5D6E98FB1B68BB9000C6AE79 /* Postcard */;
			targetProxy = 5D6E99121B68BB9000C6AE79 /* PBXContainerItemProxy */;
		};
/* End PBXTargetDependency section */

/* Begin PBXVariantGroup section */
		5D6E99051B68BB9000C6AE79 /* Main.storyboard */ = {
			isa = PBXVariantGroup;
			children = (
				5D6E99061B68BB9000C6AE79 /* Base */,
			);
			name = Main.storyboard;
			sourceTree = "<group>";
		};
		5D6E990A1B68BB9000C6AE79 /* LaunchScreen.xib */ = {
			isa = PBXVariantGroup;
			children = (
				5D6E990B1B68BB9000C6AE79 /* Base */,
			);
			name = LaunchScreen.xib;
			sourceTree = "<group>";
		};
/* End PBXVariantGroup section */

/* Begin XCBuildConfiguration section */
		5D6E99191B68BB9000C6AE79 /* Debug */ = {
			isa = XCBuildConfiguration;
			buildSettings = {
				ALWAYS_SEARCH_USER_PATHS = NO;
				CLANG_CXX_LANGUAGE_STANDARD = "gnu++0x";
				CLANG_CXX_LIBRARY = "libc++";
				CLANG_ENABLE_MODULES = YES;
				CLANG_ENABLE_OBJC_ARC = YES;
				CLANG_WARN_BOOL_CONVERSION = YES;
				CLANG_WARN_CONSTANT_CONVERSION = YES;
				CLANG_WARN_DIRECT_OBJC_ISA_USAGE = YES_ERROR;
				CLANG_WARN_EMPTY_BODY = YES;
				CLANG_WARN_ENUM_CONVERSION = YES;
				CLANG_WARN_INT_CONVERSION = YES;
				CLANG_WARN_OBJC_ROOT_CLASS = YES_ERROR;
				CLANG_WARN_UNREACHABLE_CODE = YES;
				CLANG_WARN__DUPLICATE_METHOD_MATCH = YES;
				"CODE_SIGN_IDENTITY[sdk=iphoneos*]" = "iPhone Developer";
				COPY_PHASE_STRIP = NO;
				ENABLE_STRICT_OBJC_MSGSEND = YES;
				GCC_C_LANGUAGE_STANDARD = gnu99;
				GCC_DYNAMIC_NO_PIC = NO;
				GCC_OPTIMIZATION_LEVEL = 0;
				GCC_PREPROCESSOR_DEFINITIONS = (
					"DEBUG=1",
					"$(inherited)",
				);
				GCC_SYMBOLS_PRIVATE_EXTERN = NO;
				GCC_WARN_64_TO_32_BIT_CONVERSION = YES;
				GCC_WARN_ABOUT_RETURN_TYPE = YES_ERROR;
				GCC_WARN_UNDECLARED_SELECTOR = YES;
				GCC_WARN_UNINITIALIZED_AUTOS = YES_AGGRESSIVE;
				GCC_WARN_UNUSED_FUNCTION = YES;
				GCC_WARN_UNUSED_VARIABLE = YES;
				IPHONEOS_DEPLOYMENT_TARGET = 8.2;
				MTL_ENABLE_DEBUG_INFO = YES;
				ONLY_ACTIVE_ARCH = YES;
				SDKROOT = iphoneos;
				SWIFT_OPTIMIZATION_LEVEL = "-Onone";
				TARGETED_DEVICE_FAMILY = "1,2";
			};
			name = Debug;
		};
		5D6E991A1B68BB9000C6AE79 /* Release */ = {
			isa = XCBuildConfiguration;
			buildSettings = {
				ALWAYS_SEARCH_USER_PATHS = NO;
				CLANG_CXX_LANGUAGE_STANDARD = "gnu++0x";
				CLANG_CXX_LIBRARY = "libc++";
				CLANG_ENABLE_MODULES = YES;
				CLANG_ENABLE_OBJC_ARC = YES;
				CLANG_WARN_BOOL_CONVERSION = YES;
				CLANG_WARN_CONSTANT_CONVERSION = YES;
				CLANG_WARN_DIRECT_OBJC_ISA_USAGE = YES_ERROR;
				CLANG_WARN_EMPTY_BODY = YES;
				CLANG_WARN_ENUM_CONVERSION = YES;
				CLANG_WARN_INT_CONVERSION = YES;
				CLANG_WARN_OBJC_ROOT_CLASS = YES_ERROR;
				CLANG_WARN_UNREACHABLE_CODE = YES;
				CLANG_WARN__DUPLICATE_METHOD_MATCH = YES;
				"CODE_SIGN_IDENTITY[sdk=iphoneos*]" = "iPhone Developer";
				COPY_PHASE_STRIP = NO;
				ENABLE_NS_ASSERTIONS = NO;
				ENABLE_STRICT_OBJC_MSGSEND = YES;
				GCC_C_LANGUAGE_STANDARD = gnu99;
				GCC_WARN_64_TO_32_BIT_CONVERSION = YES;
				GCC_WARN_ABOUT_RETURN_TYPE = YES_ERROR;
				GCC_WARN_UNDECLARED_SELECTOR = YES;
				GCC_WARN_UNINITIALIZED_AUTOS = YES_AGGRESSIVE;
				GCC_WARN_UNUSED_FUNCTION = YES;
				GCC_WARN_UNUSED_VARIABLE = YES;
				IPHONEOS_DEPLOYMENT_TARGET = 8.2;
				MTL_ENABLE_DEBUG_INFO = NO;
				SDKROOT = iphoneos;
				TARGETED_DEVICE_FAMILY = "1,2";
				VALIDATE_PRODUCT = YES;
			};
			name = Release;
		};
		5D6E991C1B68BB9000C6AE79 /* Debug */ = {
			isa = XCBuildConfiguration;
			buildSettings = {
				ASSETCATALOG_COMPILER_APPICON_NAME = AppIcon;
				INFOPLIST_FILE = Postcard/Info.plist;
				LD_RUNPATH_SEARCH_PATHS = "$(inherited) @executable_path/Frameworks";
				PRODUCT_NAME = "$(TARGET_NAME)";
			};
			name = Debug;
		};
		5D6E991D1B68BB9000C6AE79 /* Release */ = {
			isa = XCBuildConfiguration;
			buildSettings = {
				ASSETCATALOG_COMPILER_APPICON_NAME = AppIcon;
				INFOPLIST_FILE = Postcard/Info.plist;
				LD_RUNPATH_SEARCH_PATHS = "$(inherited) @executable_path/Frameworks";
				PRODUCT_NAME = "$(TARGET_NAME)";
			};
			name = Release;
		};
		5D6E991F1B68BB9000C6AE79 /* Debug */ = {
			isa = XCBuildConfiguration;
			buildSettings = {
				BUNDLE_LOADER = "$(TEST_HOST)";
				FRAMEWORK_SEARCH_PATHS = (
					"$(SDKROOT)/Developer/Library/Frameworks",
					"$(inherited)",
				);
				GCC_PREPROCESSOR_DEFINITIONS = (
					"DEBUG=1",
					"$(inherited)",
				);
				INFOPLIST_FILE = PostcardTests/Info.plist;
				LD_RUNPATH_SEARCH_PATHS = "$(inherited) @executable_path/Frameworks @loader_path/Frameworks";
				PRODUCT_NAME = "$(TARGET_NAME)";
				TEST_HOST = "$(BUILT_PRODUCTS_DIR)/Postcard.app/Postcard";
			};
			name = Debug;
		};
		5D6E99201B68BB9000C6AE79 /* Release */ = {
			isa = XCBuildConfiguration;
			buildSettings = {
				BUNDLE_LOADER = "$(TEST_HOST)";
				FRAMEWORK_SEARCH_PATHS = (
					"$(SDKROOT)/Developer/Library/Frameworks",
					"$(inherited)",
				);
				INFOPLIST_FILE = PostcardTests/Info.plist;
				LD_RUNPATH_SEARCH_PATHS = "$(inherited) @executable_path/Frameworks @loader_path/Frameworks";
				PRODUCT_NAME = "$(TARGET_NAME)";
				TEST_HOST = "$(BUILT_PRODUCTS_DIR)/Postcard.app/Postcard";
			};
			name = Release;
		};
/* End XCBuildConfiguration section */

/* Begin XCConfigurationList section */
		5D6E98F71B68BB9000C6AE79 /* Build configuration list for PBXProject "Postcard" */ = {
			isa = XCConfigurationList;
			buildConfigurations = (
				5D6E99191B68BB9000C6AE79 /* Debug */,
				5D6E991A1B68BB9000C6AE79 /* Release */,
			);
			defaultConfigurationIsVisible = 0;
			defaultConfigurationName = Release;
		};
		5D6E991B1B68BB9000C6AE79 /* Build configuration list for PBXNativeTarget "Postcard" */ = {
			isa = XCConfigurationList;
			buildConfigurations = (
				5D6E991C1B68BB9000C6AE79 /* Debug */,
				5D6E991D1B68BB9000C6AE79 /* Release */,
			);
			defaultConfigurationIsVisible = 0;
		};
		5D6E991E1B68BB9000C6AE79 /* Build configuration list for PBXNativeTarget "PostcardTests" */ = {
			isa = XCConfigurationList;
			buildConfigurations = (
				5D6E991F1B68BB9000C6AE79 /* Debug */,
				5D6E99201B68BB9000C6AE79 /* Release */,
			);
			defaultConfigurationIsVisible = 0;
		};
/* End XCConfigurationList section */
	};
	rootObject = 5D6E98F41B68BB9000C6AE79 /* Project object */;
}
